
Microsoft Visual Studio Solution File, Format Version 12.00
# Visual Studio Version 17
VisualStudioVersion = 17.2.32519.379
MinimumVisualStudioVersion = 10.0.40219.1
Project("{FAE04EC0-301F-11D3-BF4B-00C04F79EFBC}") = "SistemaTHR", "SistemaTHR\SistemaTHR.csproj", "{3417280C-97E4-442B-9008-1BF7F2C17785}"
EndProject
Global
	GlobalSection(SolutionConfigurationPlatforms) = preSolution
		Debug|Any CPU = Debug|Any CPU
		Release|Any CPU = Release|Any CPU
	EndGlobalSection
	GlobalSection(ProjectConfigurationPlatforms) = postSolution
		{3417280C-97E4-442B-9008-1BF7F2C17785}.Debug|Any CPU.ActiveCfg = Debug|Any CPU
		{3417280C-97E4-442B-9008-1BF7F2C17785}.Debug|Any CPU.Build.0 = Debug|Any CPU
		{3417280C-97E4-442B-9008-1BF7F2C17785}.Release|Any CPU.ActiveCfg = Release|Any CPU
		{3417280C-97E4-442B-9008-1BF7F2C17785}.Release|Any CPU.Build.0 = Release|Any CPU
	EndGlobalSection
	GlobalSection(SolutionProperties) = preSolution
		HideSolutionNode = FALSE
	EndGlobalSection
	GlobalSection(ExtensibilityGlobals) = postSolution
		SolutionGuid = {EFD1EB6E-37E3-470A-A9DC-AFC5C84F35ED}
	EndGlobalSection
EndGlobal
